
Microsoft Visual Studio Solution File, Format Version 12.00
Project("{FAE04EC0-301F-11D3-BF4B-00C04F79EFBC}") = "SkyExplorer.Api", "src\SkyExplorer.Api\SkyExplorer.Api.csproj", "{4B2D109E-6E69-40CA-A64C-1C1F6CD94000}"
EndProject
Project("{FAE04EC0-301F-11D3-BF4B-00C04F79EFBC}") = "SkyExplorer.Data", "src\SkyExplorer.Data\SkyExplorer.Data.csproj", "{3C6BDC7F-16B9-4CD7-899D-0F2086383EE7}"
EndProject
Project("{FAE04EC0-301F-11D3-BF4B-00C04F79EFBC}") = "SkyExplorer.Core", "src\SkyExplorer.Core\SkyExplorer.Core.csproj", "{91E99769-C613-4DC4-9E59-168911987EF7}"
EndProject
Project("{FAE04EC0-301F-11D3-BF4B-00C04F79EFBC}") = "SkyExplorer.OpenSkyNetwork.Core", "src\SkyExplorer.OpenSkyNetwork.Core\SkyExplorer.OpenSkyNetwork.Core.csproj", "{FDE72415-3D33-4AC2-9F96-5CB40838D7CA}"
EndProject
Project("{FAE04EC0-301F-11D3-BF4B-00C04F79EFBC}") = "SkyExplorer.Common", "src\SkyExplorer.Common\SkyExplorer.Common.csproj", "{EB3C799E-0EA7-49D8-ABFC-10FD3646C93F}"
EndProject
Global
	GlobalSection(SolutionConfigurationPlatforms) = preSolution
		Debug|Any CPU = Debug|Any CPU
		Release|Any CPU = Release|Any CPU
	EndGlobalSection
	GlobalSection(ProjectConfigurationPlatforms) = postSolution
		{4B2D109E-6E69-40CA-A64C-1C1F6CD94000}.Debug|Any CPU.ActiveCfg = Debug|Any CPU
		{4B2D109E-6E69-40CA-A64C-1C1F6CD94000}.Debug|Any CPU.Build.0 = Debug|Any CPU
		{4B2D109E-6E69-40CA-A64C-1C1F6CD94000}.Release|Any CPU.ActiveCfg = Release|Any CPU
		{4B2D109E-6E69-40CA-A64C-1C1F6CD94000}.Release|Any CPU.Build.0 = Release|Any CPU
		{3C6BDC7F-16B9-4CD7-899D-0F2086383EE7}.Debug|Any CPU.ActiveCfg = Debug|Any CPU
		{3C6BDC7F-16B9-4CD7-899D-0F2086383EE7}.Debug|Any CPU.Build.0 = Debug|Any CPU
		{3C6BDC7F-16B9-4CD7-899D-0F2086383EE7}.Release|Any CPU.ActiveCfg = Release|Any CPU
		{3C6BDC7F-16B9-4CD7-899D-0F2086383EE7}.Release|Any CPU.Build.0 = Release|Any CPU
		{91E99769-C613-4DC4-9E59-168911987EF7}.Debug|Any CPU.ActiveCfg = Debug|Any CPU
		{91E99769-C613-4DC4-9E59-168911987EF7}.Debug|Any CPU.Build.0 = Debug|Any CPU
		{91E99769-C613-4DC4-9E59-168911987EF7}.Release|Any CPU.ActiveCfg = Release|Any CPU
		{91E99769-C613-4DC4-9E59-168911987EF7}.Release|Any CPU.Build.0 = Release|Any CPU
		{FDE72415-3D33-4AC2-9F96-5CB40838D7CA}.Debug|Any CPU.ActiveCfg = Debug|Any CPU
		{FDE72415-3D33-4AC2-9F96-5CB40838D7CA}.Debug|Any CPU.Build.0 = Debug|Any CPU
		{FDE72415-3D33-4AC2-9F96-5CB40838D7CA}.Release|Any CPU.ActiveCfg = Release|Any CPU
		{FDE72415-3D33-4AC2-9F96-5CB40838D7CA}.Release|Any CPU.Build.0 = Release|Any CPU
		{EB3C799E-0EA7-49D8-ABFC-10FD3646C93F}.Debug|Any CPU.ActiveCfg = Debug|Any CPU
		{EB3C799E-0EA7-49D8-ABFC-10FD3646C93F}.Debug|Any CPU.Build.0 = Debug|Any CPU
		{EB3C799E-0EA7-49D8-ABFC-10FD3646C93F}.Release|Any CPU.ActiveCfg = Release|Any CPU
		{EB3C799E-0EA7-49D8-ABFC-10FD3646C93F}.Release|Any CPU.Build.0 = Release|Any CPU
	EndGlobalSection
EndGlobal
